// !$*UTF8*$!
{
	archiveVersion = 1;
	classes = {
	};
	objectVersion = 46;
	objects = {

/* Begin PBXBuildFile section */
		1778C8FE17514A0D00005B73 /* Cocoa.framework in Frameworks */ = {isa = PBXBuildFile; fileRef = 1778C8FD17514A0D00005B73 /* Cocoa.framework */; };
		1778C90817514A0D00005B73 /* InfoPlist.strings in Resources */ = {isa = PBXBuildFile; fileRef = 1778C90617514A0D00005B73 /* InfoPlist.strings */; };
		1778C90A17514A0D00005B73 /* main.m in Sources */ = {isa = PBXBuildFile; fileRef = 1778C90917514A0D00005B73 /* main.m */; };
		1778C90E17514A0D00005B73 /* Credits.rtf in Resources */ = {isa = PBXBuildFile; fileRef = 1778C90C17514A0D00005B73 /* Credits.rtf */; };
		1778C91117514A0D00005B73 /* OUAppDelegate.m in Sources */ = {isa = PBXBuildFile; fileRef = 1778C91017514A0D00005B73 /* OUAppDelegate.m */; };
		1778C91417514A0E00005B73 /* MainMenu.xib in Resources */ = {isa = PBXBuildFile; fileRef = 1778C91217514A0E00005B73 /* MainMenu.xib */; };
		1778C91717514A0E00005B73 /* PHPTest.xcdatamodeld in Sources */ = {isa = PBXBuildFile; fileRef = 1778C91517514A0E00005B73 /* PHPTest.xcdatamodeld */; };
		1778C91E17514C3800005B73 /* WebKit.framework in Frameworks */ = {isa = PBXBuildFile; fileRef = 1778C91D17514C3800005B73 /* WebKit.framework */; };
		1778C924175150C200005B73 /* OUCommander.m in Sources */ = {isa = PBXBuildFile; fileRef = 1778C923175150C200005B73 /* OUCommander.m */; };
		1778D098175164CC00005B73 /* index.html in Resources */ = {isa = PBXBuildFile; fileRef = 1778D009175164CC00005B73 /* index.html */; };
		1778D126175164EE00005B73 /* ace.js in Resources */ = {isa = PBXBuildFile; fileRef = 1778D00B175164CC00005B73 /* ace.js */; };
		1778D127175164EE00005B73 /* ext-elastic_tabstops_lite.js in Resources */ = {isa = PBXBuildFile; fileRef = 1778D00C175164CC00005B73 /* ext-elastic_tabstops_lite.js */; };
		1778D128175164EE00005B73 /* ext-emmet.js in Resources */ = {isa = PBXBuildFile; fileRef = 1778D00D175164CC00005B73 /* ext-emmet.js */; };
		1778D129175164EE00005B73 /* ext-keybinding_menu.js in Resources */ = {isa = PBXBuildFile; fileRef = 1778D00E175164CC00005B73 /* ext-keybinding_menu.js */; };
		1778D12A175164EE00005B73 /* ext-modelist.js in Resources */ = {isa = PBXBuildFile; fileRef = 1778D00F175164CC00005B73 /* ext-modelist.js */; };
		1778D12B175164EE00005B73 /* ext-options.js in Resources */ = {isa = PBXBuildFile; fileRef = 1778D010175164CC00005B73 /* ext-options.js */; };
		1778D12C175164EE00005B73 /* ext-searchbox.js in Resources */ = {isa = PBXBuildFile; fileRef = 1778D011175164CC00005B73 /* ext-searchbox.js */; };
		1778D12D175164EE00005B73 /* ext-settings_menu.js in Resources */ = {isa = PBXBuildFile; fileRef = 1778D012175164CC00005B73 /* ext-settings_menu.js */; };
		1778D12E175164EE00005B73 /* ext-spellcheck.js in Resources */ = {isa = PBXBuildFile; fileRef = 1778D013175164CC00005B73 /* ext-spellcheck.js */; };
		1778D12F175164EE00005B73 /* ext-static_highlight.js in Resources */ = {isa = PBXBuildFile; fileRef = 1778D014175164CC00005B73 /* ext-static_highlight.js */; };
		1778D130175164EE00005B73 /* ext-statusbar.js in Resources */ = {isa = PBXBuildFile; fileRef = 1778D015175164CC00005B73 /* ext-statusbar.js */; };
		1778D131175164EE00005B73 /* ext-textarea.js in Resources */ = {isa = PBXBuildFile; fileRef = 1778D016175164CC00005B73 /* ext-textarea.js */; };
		1778D132175164EE00005B73 /* ext-themelist.js in Resources */ = {isa = PBXBuildFile; fileRef = 1778D017175164CC00005B73 /* ext-themelist.js */; };
		1778D133175164EE00005B73 /* ext-whitespace.js in Resources */ = {isa = PBXBuildFile; fileRef = 1778D018175164CC00005B73 /* ext-whitespace.js */; };
		1778D134175164EE00005B73 /* keybinding-emacs.js in Resources */ = {isa = PBXBuildFile; fileRef = 1778D019175164CC00005B73 /* keybinding-emacs.js */; };
		1778D135175164EE00005B73 /* keybinding-vim.js in Resources */ = {isa = PBXBuildFile; fileRef = 1778D01A175164CC00005B73 /* keybinding-vim.js */; };
		1778D136175164EE00005B73 /* mode-abap.js in Resources */ = {isa = PBXBuildFile; fileRef = 1778D01B175164CC00005B73 /* mode-abap.js */; };
		1778D137175164EE00005B73 /* mode-actionscript.js in Resources */ = {isa = PBXBuildFile; fileRef = 1778D01C175164CC00005B73 /* mode-actionscript.js */; };
		1778D138175164EE00005B73 /* mode-asciidoc.js in Resources */ = {isa = PBXBuildFile; fileRef = 1778D01D175164CC00005B73 /* mode-asciidoc.js */; };
		1778D139175164EE00005B73 /* mode-autohotkey.js in Resources */ = {isa = PBXBuildFile; fileRef = 1778D01E175164CC00005B73 /* mode-autohotkey.js */; };
		1778D13A175164EE00005B73 /* mode-batchfile.js in Resources */ = {isa = PBXBuildFile; fileRef = 1778D01F175164CC00005B73 /* mode-batchfile.js */; };
		1778D13B175164EE00005B73 /* mode-c9search.js in Resources */ = {isa = PBXBuildFile; fileRef = 1778D020175164CC00005B73 /* mode-c9search.js */; };
		1778D13C175164EE00005B73 /* mode-c_cpp.js in Resources */ = {isa = PBXBuildFile; fileRef = 1778D021175164CC00005B73 /* mode-c_cpp.js */; };
		1778D13D175164EE00005B73 /* mode-clojure.js in Resources */ = {isa = PBXBuildFile; fileRef = 1778D022175164CC00005B73 /* mode-clojure.js */; };
		1778D13E175164EE00005B73 /* mode-coffee.js in Resources */ = {isa = PBXBuildFile; fileRef = 1778D023175164CC00005B73 /* mode-coffee.js */; };
		1778D13F175164EE00005B73 /* mode-coldfusion.js in Resources */ = {isa = PBXBuildFile; fileRef = 1778D024175164CC00005B73 /* mode-coldfusion.js */; };
		1778D140175164EE00005B73 /* mode-csharp.js in Resources */ = {isa = PBXBuildFile; fileRef = 1778D025175164CC00005B73 /* mode-csharp.js */; };
		1778D141175164EE00005B73 /* mode-css.js in Resources */ = {isa = PBXBuildFile; fileRef = 1778D026175164CC00005B73 /* mode-css.js */; };
		1778D142175164EE00005B73 /* mode-curly.js in Resources */ = {isa = PBXBuildFile; fileRef = 1778D027175164CC00005B73 /* mode-curly.js */; };
		1778D143175164EE00005B73 /* mode-dart.js in Resources */ = {isa = PBXBuildFile; fileRef = 1778D028175164CC00005B73 /* mode-dart.js */; };
		1778D144175164EE00005B73 /* mode-diff.js in Resources */ = {isa = PBXBuildFile; fileRef = 1778D029175164CC00005B73 /* mode-diff.js */; };
		1778D145175164EE00005B73 /* mode-django.js in Resources */ = {isa = PBXBuildFile; fileRef = 1778D02A175164CC00005B73 /* mode-django.js */; };
		1778D146175164EE00005B73 /* mode-dot.js in Resources */ = {isa = PBXBuildFile; fileRef = 1778D02B175164CC00005B73 /* mode-dot.js */; };
		1778D147175164EE00005B73 /* mode-erlang.js in Resources */ = {isa = PBXBuildFile; fileRef = 1778D02C175164CC00005B73 /* mode-erlang.js */; };
		1778D148175164EE00005B73 /* mode-forth.js in Resources */ = {isa = PBXBuildFile; fileRef = 1778D02D175164CC00005B73 /* mode-forth.js */; };
		1778D149175164EE00005B73 /* mode-ftl.js in Resources */ = {isa = PBXBuildFile; fileRef = 1778D02E175164CC00005B73 /* mode-ftl.js */; };
		1778D14A175164EE00005B73 /* mode-glsl.js in Resources */ = {isa = PBXBuildFile; fileRef = 1778D02F175164CC00005B73 /* mode-glsl.js */; };
		1778D14B175164EE00005B73 /* mode-golang.js in Resources */ = {isa = PBXBuildFile; fileRef = 1778D030175164CC00005B73 /* mode-golang.js */; };
		1778D14C175164EE00005B73 /* mode-groovy.js in Resources */ = {isa = PBXBuildFile; fileRef = 1778D031175164CC00005B73 /* mode-groovy.js */; };
		1778D14D175164EE00005B73 /* mode-haml.js in Resources */ = {isa = PBXBuildFile; fileRef = 1778D032175164CC00005B73 /* mode-haml.js */; };
		1778D14E175164EE00005B73 /* mode-haskell.js in Resources */ = {isa = PBXBuildFile; fileRef = 1778D033175164CC00005B73 /* mode-haskell.js */; };
		1778D14F175164EE00005B73 /* mode-haxe.js in Resources */ = {isa = PBXBuildFile; fileRef = 1778D034175164CC00005B73 /* mode-haxe.js */; };
		1778D150175164EE00005B73 /* mode-html.js in Resources */ = {isa = PBXBuildFile; fileRef = 1778D035175164CC00005B73 /* mode-html.js */; };
		1778D151175164EE00005B73 /* mode-html_ruby.js in Resources */ = {isa = PBXBuildFile; fileRef = 1778D036175164CC00005B73 /* mode-html_ruby.js */; };
		1778D152175164EE00005B73 /* mode-ini.js in Resources */ = {isa = PBXBuildFile; fileRef = 1778D037175164CC00005B73 /* mode-ini.js */; };
		1778D153175164EE00005B73 /* mode-jade.js in Resources */ = {isa = PBXBuildFile; fileRef = 1778D038175164CC00005B73 /* mode-jade.js */; };
		1778D154175164EE00005B73 /* mode-java.js in Resources */ = {isa = PBXBuildFile; fileRef = 1778D039175164CC00005B73 /* mode-java.js */; };
		1778D155175164EE00005B73 /* mode-javascript.js in Resources */ = {isa = PBXBuildFile; fileRef = 1778D03A175164CC00005B73 /* mode-javascript.js */; };
		1778D156175164EE00005B73 /* mode-json.js in Resources */ = {isa = PBXBuildFile; fileRef = 1778D03B175164CC00005B73 /* mode-json.js */; };
		1778D157175164EE00005B73 /* mode-jsoniq.js in Resources */ = {isa = PBXBuildFile; fileRef = 1778D03C175164CC00005B73 /* mode-jsoniq.js */; };
		1778D158175164EE00005B73 /* mode-jsp.js in Resources */ = {isa = PBXBuildFile; fileRef = 1778D03D175164CC00005B73 /* mode-jsp.js */; };
		1778D159175164EE00005B73 /* mode-jsx.js in Resources */ = {isa = PBXBuildFile; fileRef = 1778D03E175164CC00005B73 /* mode-jsx.js */; };
		1778D15A175164EE00005B73 /* mode-julia.js in Resources */ = {isa = PBXBuildFile; fileRef = 1778D03F175164CC00005B73 /* mode-julia.js */; };
		1778D15B175164EE00005B73 /* mode-latex.js in Resources */ = {isa = PBXBuildFile; fileRef = 1778D040175164CC00005B73 /* mode-latex.js */; };
		1778D15C175164EE00005B73 /* mode-less.js in Resources */ = {isa = PBXBuildFile; fileRef = 1778D041175164CC00005B73 /* mode-less.js */; };
		1778D15D175164EE00005B73 /* mode-liquid.js in Resources */ = {isa = PBXBuildFile; fileRef = 1778D042175164CC00005B73 /* mode-liquid.js */; };
		1778D15E175164EE00005B73 /* mode-lisp.js in Resources */ = {isa = PBXBuildFile; fileRef = 1778D043175164CC00005B73 /* mode-lisp.js */; };
		1778D15F175164EE00005B73 /* mode-livescript.js in Resources */ = {isa = PBXBuildFile; fileRef = 1778D044175164CC00005B73 /* mode-livescript.js */; };
		1778D160175164EE00005B73 /* mode-logiql.js in Resources */ = {isa = PBXBuildFile; fileRef = 1778D045175164CC00005B73 /* mode-logiql.js */; };
		1778D161175164EE00005B73 /* mode-lsl.js in Resources */ = {isa = PBXBuildFile; fileRef = 1778D046175164CC00005B73 /* mode-lsl.js */; };
		1778D162175164EE00005B73 /* mode-lua.js in Resources */ = {isa = PBXBuildFile; fileRef = 1778D047175164CC00005B73 /* mode-lua.js */; };
		1778D163175164EE00005B73 /* mode-luapage.js in Resources */ = {isa = PBXBuildFile; fileRef = 1778D048175164CC00005B73 /* mode-luapage.js */; };
		1778D164175164EE00005B73 /* mode-lucene.js in Resources */ = {isa = PBXBuildFile; fileRef = 1778D049175164CC00005B73 /* mode-lucene.js */; };
		1778D165175164EE00005B73 /* mode-makefile.js in Resources */ = {isa = PBXBuildFile; fileRef = 1778D04A175164CC00005B73 /* mode-makefile.js */; };
		1778D166175164EE00005B73 /* mode-markdown.js in Resources */ = {isa = PBXBuildFile; fileRef = 1778D04B175164CC00005B73 /* mode-markdown.js */; };
		1778D167175164EE00005B73 /* mode-mushcode.js in Resources */ = {isa = PBXBuildFile; fileRef = 1778D04C175164CC00005B73 /* mode-mushcode.js */; };
		1778D168175164EE00005B73 /* mode-mushcode_high_rules.js in Resources */ = {isa = PBXBuildFile; fileRef = 1778D04D175164CC00005B73 /* mode-mushcode_high_rules.js */; };
		1778D169175164EE00005B73 /* mode-objectivec.js in Resources */ = {isa = PBXBuildFile; fileRef = 1778D04E175164CC00005B73 /* mode-objectivec.js */; };
		1778D16A175164EE00005B73 /* mode-ocaml.js in Resources */ = {isa = PBXBuildFile; fileRef = 1778D04F175164CC00005B73 /* mode-ocaml.js */; };
		1778D16B175164EE00005B73 /* mode-pascal.js in Resources */ = {isa = PBXBuildFile; fileRef = 1778D050175164CC00005B73 /* mode-pascal.js */; };
		1778D16C175164EE00005B73 /* mode-perl.js in Resources */ = {isa = PBXBuildFile; fileRef = 1778D051175164CC00005B73 /* mode-perl.js */; };
		1778D16D175164EE00005B73 /* mode-pgsql.js in Resources */ = {isa = PBXBuildFile; fileRef = 1778D052175164CC00005B73 /* mode-pgsql.js */; };
		1778D16E175164EE00005B73 /* mode-php.js in Resources */ = {isa = PBXBuildFile; fileRef = 1778D053175164CC00005B73 /* mode-php.js */; };
		1778D16F175164EE00005B73 /* mode-powershell.js in Resources */ = {isa = PBXBuildFile; fileRef = 1778D054175164CC00005B73 /* mode-powershell.js */; };
		1778D170175164EE00005B73 /* mode-prolog.js in Resources */ = {isa = PBXBuildFile; fileRef = 1778D055175164CC00005B73 /* mode-prolog.js */; };
		1778D171175164EE00005B73 /* mode-properties.js in Resources */ = {isa = PBXBuildFile; fileRef = 1778D056175164CC00005B73 /* mode-properties.js */; };
		1778D172175164EE00005B73 /* mode-python.js in Resources */ = {isa = PBXBuildFile; fileRef = 1778D057175164CC00005B73 /* mode-python.js */; };
		1778D173175164EE00005B73 /* mode-r.js in Resources */ = {isa = PBXBuildFile; fileRef = 1778D058175164CC00005B73 /* mode-r.js */; };
		1778D174175164EE00005B73 /* mode-rdoc.js in Resources */ = {isa = PBXBuildFile; fileRef = 1778D059175164CC00005B73 /* mode-rdoc.js */; };
		1778D175175164EE00005B73 /* mode-rhtml.js in Resources */ = {isa = PBXBuildFile; fileRef = 1778D05A175164CC00005B73 /* mode-rhtml.js */; };
		1778D176175164EE00005B73 /* mode-ruby.js in Resources */ = {isa = PBXBuildFile; fileRef = 1778D05B175164CC00005B73 /* mode-ruby.js */; };
		1778D177175164EE00005B73 /* mode-rust.js in Resources */ = {isa = PBXBuildFile; fileRef = 1778D05C175164CC00005B73 /* mode-rust.js */; };
		1778D178175164EE00005B73 /* mode-sass.js in Resources */ = {isa = PBXBuildFile; fileRef = 1778D05D175164CC00005B73 /* mode-sass.js */; };
		1778D179175164EE00005B73 /* mode-scad.js in Resources */ = {isa = PBXBuildFile; fileRef = 1778D05E175164CC00005B73 /* mode-scad.js */; };
		1778D17A175164EE00005B73 /* mode-scala.js in Resources */ = {isa = PBXBuildFile; fileRef = 1778D05F175164CC00005B73 /* mode-scala.js */; };
		1778D17B175164EE00005B73 /* mode-scheme.js in Resources */ = {isa = PBXBuildFile; fileRef = 1778D060175164CC00005B73 /* mode-scheme.js */; };
		1778D17C175164EE00005B73 /* mode-scss.js in Resources */ = {isa = PBXBuildFile; fileRef = 1778D061175164CC00005B73 /* mode-scss.js */; };
		1778D17D175164EE00005B73 /* mode-sh.js in Resources */ = {isa = PBXBuildFile; fileRef = 1778D062175164CC00005B73 /* mode-sh.js */; };
		1778D17E175164EE00005B73 /* mode-snippets.js in Resources */ = {isa = PBXBuildFile; fileRef = 1778D063175164CC00005B73 /* mode-snippets.js */; };
		1778D17F175164EE00005B73 /* mode-sql.js in Resources */ = {isa = PBXBuildFile; fileRef = 1778D064175164CC00005B73 /* mode-sql.js */; };
		1778D180175164EE00005B73 /* mode-stylus.js in Resources */ = {isa = PBXBuildFile; fileRef = 1778D065175164CC00005B73 /* mode-stylus.js */; };
		1778D181175164EE00005B73 /* mode-svg.js in Resources */ = {isa = PBXBuildFile; fileRef = 1778D066175164CC00005B73 /* mode-svg.js */; };
		1778D182175164EE00005B73 /* mode-tcl.js in Resources */ = {isa = PBXBuildFile; fileRef = 1778D067175164CC00005B73 /* mode-tcl.js */; };
		1778D183175164EE00005B73 /* mode-tex.js in Resources */ = {isa = PBXBuildFile; fileRef = 1778D068175164CC00005B73 /* mode-tex.js */; };
		1778D184175164EE00005B73 /* mode-text.js in Resources */ = {isa = PBXBuildFile; fileRef = 1778D069175164CC00005B73 /* mode-text.js */; };
		1778D185175164EE00005B73 /* mode-textile.js in Resources */ = {isa = PBXBuildFile; fileRef = 1778D06A175164CC00005B73 /* mode-textile.js */; };
		1778D186175164EE00005B73 /* mode-tmsnippet.js in Resources */ = {isa = PBXBuildFile; fileRef = 1778D06B175164CC00005B73 /* mode-tmsnippet.js */; };
		1778D187175164EE00005B73 /* mode-toml.js in Resources */ = {isa = PBXBuildFile; fileRef = 1778D06C175164CC00005B73 /* mode-toml.js */; };
		1778D188175164EE00005B73 /* mode-typescript.js in Resources */ = {isa = PBXBuildFile; fileRef = 1778D06D175164CC00005B73 /* mode-typescript.js */; };
		1778D189175164EE00005B73 /* mode-vbscript.js in Resources */ = {isa = PBXBuildFile; fileRef = 1778D06E175164CC00005B73 /* mode-vbscript.js */; };
		1778D18A175164EE00005B73 /* mode-velocity.js in Resources */ = {isa = PBXBuildFile; fileRef = 1778D06F175164CC00005B73 /* mode-velocity.js */; };
		1778D18B175164EE00005B73 /* mode-xml.js in Resources */ = {isa = PBXBuildFile; fileRef = 1778D070175164CC00005B73 /* mode-xml.js */; };
		1778D18C175164EE00005B73 /* mode-xquery.js in Resources */ = {isa = PBXBuildFile; fileRef = 1778D071175164CC00005B73 /* mode-xquery.js */; };
		1778D18D175164EE00005B73 /* mode-yaml.js in Resources */ = {isa = PBXBuildFile; fileRef = 1778D072175164CC00005B73 /* mode-yaml.js */; };
		1778D18E175164EE00005B73 /* theme-ambiance.js in Resources */ = {isa = PBXBuildFile; fileRef = 1778D073175164CC00005B73 /* theme-ambiance.js */; };
		1778D18F175164EE00005B73 /* theme-chaos.js in Resources */ = {isa = PBXBuildFile; fileRef = 1778D074175164CC00005B73 /* theme-chaos.js */; };
		1778D190175164EE00005B73 /* theme-chrome.js in Resources */ = {isa = PBXBuildFile; fileRef = 1778D075175164CC00005B73 /* theme-chrome.js */; };
		1778D191175164EE00005B73 /* theme-clouds.js in Resources */ = {isa = PBXBuildFile; fileRef = 1778D076175164CC00005B73 /* theme-clouds.js */; };
		1778D192175164EE00005B73 /* theme-clouds_midnight.js in Resources */ = {isa = PBXBuildFile; fileRef = 1778D077175164CC00005B73 /* theme-clouds_midnight.js */; };
		1778D193175164EE00005B73 /* theme-cobalt.js in Resources */ = {isa = PBXBuildFile; fileRef = 1778D078175164CC00005B73 /* theme-cobalt.js */; };
		1778D194175164EE00005B73 /* theme-crimson_editor.js in Resources */ = {isa = PBXBuildFile; fileRef = 1778D079175164CC00005B73 /* theme-crimson_editor.js */; };
		1778D195175164EE00005B73 /* theme-dawn.js in Resources */ = {isa = PBXBuildFile; fileRef = 1778D07A175164CC00005B73 /* theme-dawn.js */; };
		1778D196175164EE00005B73 /* theme-dreamweaver.js in Resources */ = {isa = PBXBuildFile; fileRef = 1778D07B175164CC00005B73 /* theme-dreamweaver.js */; };
		1778D197175164EE00005B73 /* theme-eclipse.js in Resources */ = {isa = PBXBuildFile; fileRef = 1778D07C175164CC00005B73 /* theme-eclipse.js */; };
		1778D198175164EE00005B73 /* theme-github.js in Resources */ = {isa = PBXBuildFile; fileRef = 1778D07D175164CC00005B73 /* theme-github.js */; };
		1778D199175164EE00005B73 /* theme-idle_fingers.js in Resources */ = {isa = PBXBuildFile; fileRef = 1778D07E175164CC00005B73 /* theme-idle_fingers.js */; };
		1778D19A175164EE00005B73 /* theme-kr.js in Resources */ = {isa = PBXBuildFile; fileRef = 1778D07F175164CC00005B73 /* theme-kr.js */; };
		1778D19B175164EE00005B73 /* theme-merbivore.js in Resources */ = {isa = PBXBuildFile; fileRef = 1778D080175164CC00005B73 /* theme-merbivore.js */; };
		1778D19C175164EE00005B73 /* theme-merbivore_soft.js in Resources */ = {isa = PBXBuildFile; fileRef = 1778D081175164CC00005B73 /* theme-merbivore_soft.js */; };
		1778D19D175164EE00005B73 /* theme-mono_industrial.js in Resources */ = {isa = PBXBuildFile; fileRef = 1778D082175164CC00005B73 /* theme-mono_industrial.js */; };
		1778D19E175164EE00005B73 /* theme-monokai.js in Resources */ = {isa = PBXBuildFile; fileRef = 1778D083175164CC00005B73 /* theme-monokai.js */; };
		1778D19F175164EE00005B73 /* theme-pastel_on_dark.js in Resources */ = {isa = PBXBuildFile; fileRef = 1778D084175164CC00005B73 /* theme-pastel_on_dark.js */; };
		1778D1A0175164EE00005B73 /* theme-solarized_dark.js in Resources */ = {isa = PBXBuildFile; fileRef = 1778D085175164CC00005B73 /* theme-solarized_dark.js */; };
		1778D1A1175164EE00005B73 /* theme-solarized_light.js in Resources */ = {isa = PBXBuildFile; fileRef = 1778D086175164CC00005B73 /* theme-solarized_light.js */; };
		1778D1A2175164EE00005B73 /* theme-terminal.js in Resources */ = {isa = PBXBuildFile; fileRef = 1778D087175164CC00005B73 /* theme-terminal.js */; };
		1778D1A3175164EE00005B73 /* theme-textmate.js in Resources */ = {isa = PBXBuildFile; fileRef = 1778D088175164CC00005B73 /* theme-textmate.js */; };
		1778D1A4175164EE00005B73 /* theme-tomorrow.js in Resources */ = {isa = PBXBuildFile; fileRef = 1778D089175164CC00005B73 /* theme-tomorrow.js */; };
		1778D1A5175164EE00005B73 /* theme-tomorrow_night.js in Resources */ = {isa = PBXBuildFile; fileRef = 1778D08A175164CC00005B73 /* theme-tomorrow_night.js */; };
		1778D1A6175164EE00005B73 /* theme-tomorrow_night_blue.js in Resources */ = {isa = PBXBuildFile; fileRef = 1778D08B175164CC00005B73 /* theme-tomorrow_night_blue.js */; };
		1778D1A7175164EE00005B73 /* theme-tomorrow_night_bright.js in Resources */ = {isa = PBXBuildFile; fileRef = 1778D08C175164CC00005B73 /* theme-tomorrow_night_bright.js */; };
		1778D1A8175164EE00005B73 /* theme-tomorrow_night_eighties.js in Resources */ = {isa = PBXBuildFile; fileRef = 1778D08D175164CC00005B73 /* theme-tomorrow_night_eighties.js */; };
		1778D1A9175164EE00005B73 /* theme-twilight.js in Resources */ = {isa = PBXBuildFile; fileRef = 1778D08E175164CC00005B73 /* theme-twilight.js */; };
		1778D1AA175164EE00005B73 /* theme-vibrant_ink.js in Resources */ = {isa = PBXBuildFile; fileRef = 1778D08F175164CC00005B73 /* theme-vibrant_ink.js */; };
		1778D1AB175164EE00005B73 /* theme-xcode.js in Resources */ = {isa = PBXBuildFile; fileRef = 1778D090175164CC00005B73 /* theme-xcode.js */; };
		1778D1AC175164EE00005B73 /* worker-coffee.js in Resources */ = {isa = PBXBuildFile; fileRef = 1778D091175164CC00005B73 /* worker-coffee.js */; };
		1778D1AD175164EE00005B73 /* worker-css.js in Resources */ = {isa = PBXBuildFile; fileRef = 1778D092175164CC00005B73 /* worker-css.js */; };
		1778D1AE175164EE00005B73 /* worker-javascript.js in Resources */ = {isa = PBXBuildFile; fileRef = 1778D093175164CC00005B73 /* worker-javascript.js */; };
		1778D1AF175164EE00005B73 /* worker-json.js in Resources */ = {isa = PBXBuildFile; fileRef = 1778D094175164CC00005B73 /* worker-json.js */; };
		1778D1B0175164EE00005B73 /* worker-lua.js in Resources */ = {isa = PBXBuildFile; fileRef = 1778D095175164CC00005B73 /* worker-lua.js */; };
		1778D1B1175164EE00005B73 /* worker-php.js in Resources */ = {isa = PBXBuildFile; fileRef = 1778D096175164CC00005B73 /* worker-php.js */; };
		1778D1B2175164EE00005B73 /* worker-xquery.js in Resources */ = {isa = PBXBuildFile; fileRef = 1778D097175164CC00005B73 /* worker-xquery.js */; };
		1778D1B517516E9600005B73 /* OUCommanderResponse.m in Sources */ = {isa = PBXBuildFile; fileRef = 1778D1B417516E9600005B73 /* OUCommanderResponse.m */; };
		1778D1B7175177A500005B73 /* run.png in Resources */ = {isa = PBXBuildFile; fileRef = 1778D1B6175177A500005B73 /* run.png */; };
		1778D1BB1751833100005B73 /* settings.png in Resources */ = {isa = PBXBuildFile; fileRef = 1778D1BA1751833100005B73 /* settings.png */; };
/* End PBXBuildFile section */

/* Begin PBXFileReference section */
		1778C8FA17514A0D00005B73 /* PHPTest.app */ = {isa = PBXFileReference; explicitFileType = wrapper.application; includeInIndex = 0; path = PHPTest.app; sourceTree = BUILT_PRODUCTS_DIR; };
		1778C8FD17514A0D00005B73 /* Cocoa.framework */ = {isa = PBXFileReference; lastKnownFileType = wrapper.framework; name = Cocoa.framework; path = System/Library/Frameworks/Cocoa.framework; sourceTree = SDKROOT; };
		1778C90017514A0D00005B73 /* AppKit.framework */ = {isa = PBXFileReference; lastKnownFileType = wrapper.framework; name = AppKit.framework; path = System/Library/Frameworks/AppKit.framework; sourceTree = SDKROOT; };
		1778C90117514A0D00005B73 /* CoreData.framework */ = {isa = PBXFileReference; lastKnownFileType = wrapper.framework; name = CoreData.framework; path = System/Library/Frameworks/CoreData.framework; sourceTree = SDKROOT; };
		1778C90217514A0D00005B73 /* Foundation.framework */ = {isa = PBXFileReference; lastKnownFileType = wrapper.framework; name = Foundation.framework; path = System/Library/Frameworks/Foundation.framework; sourceTree = SDKROOT; };
		1778C90517514A0D00005B73 /* PHPTest-Info.plist */ = {isa = PBXFileReference; lastKnownFileType = text.plist.xml; path = "PHPTest-Info.plist"; sourceTree = "<group>"; };
		1778C90717514A0D00005B73 /* en */ = {isa = PBXFileReference; lastKnownFileType = text.plist.strings; name = en; path = en.lproj/InfoPlist.strings; sourceTree = "<group>"; };
		1778C90917514A0D00005B73 /* main.m */ = {isa = PBXFileReference; lastKnownFileType = sourcecode.c.objc; path = main.m; sourceTree = "<group>"; };
		1778C90B17514A0D00005B73 /* PHPTest-Prefix.pch */ = {isa = PBXFileReference; lastKnownFileType = sourcecode.c.h; path = "PHPTest-Prefix.pch"; sourceTree = "<group>"; };
		1778C90D17514A0D00005B73 /* en */ = {isa = PBXFileReference; lastKnownFileType = text.rtf; name = en; path = en.lproj/Credits.rtf; sourceTree = "<group>"; };
		1778C90F17514A0D00005B73 /* OUAppDelegate.h */ = {isa = PBXFileReference; lastKnownFileType = sourcecode.c.h; path = OUAppDelegate.h; sourceTree = "<group>"; };
		1778C91017514A0D00005B73 /* OUAppDelegate.m */ = {isa = PBXFileReference; lastKnownFileType = sourcecode.c.objc; path = OUAppDelegate.m; sourceTree = "<group>"; };
		1778C91317514A0E00005B73 /* en */ = {isa = PBXFileReference; lastKnownFileType = file.xib; name = en; path = en.lproj/MainMenu.xib; sourceTree = "<group>"; };
		1778C91617514A0E00005B73 /* PHPTest.xcdatamodel */ = {isa = PBXFileReference; lastKnownFileType = wrapper.xcdatamodel; path = PHPTest.xcdatamodel; sourceTree = "<group>"; };
		1778C91D17514C3800005B73 /* WebKit.framework */ = {isa = PBXFileReference; lastKnownFileType = wrapper.framework; name = WebKit.framework; path = System/Library/Frameworks/WebKit.framework; sourceTree = SDKROOT; };
		1778C922175150C200005B73 /* OUCommander.h */ = {isa = PBXFileReference; fileEncoding = 4; lastKnownFileType = sourcecode.c.h; path = OUCommander.h; sourceTree = "<group>"; };
		1778C923175150C200005B73 /* OUCommander.m */ = {isa = PBXFileReference; fileEncoding = 4; lastKnownFileType = sourcecode.c.objc; path = OUCommander.m; sourceTree = "<group>"; };
		1778D009175164CC00005B73 /* index.html */ = {isa = PBXFileReference; fileEncoding = 4; lastKnownFileType = text.html; path = index.html; sourceTree = "<group>"; };
		1778D00B175164CC00005B73 /* ace.js */ = {isa = PBXFileReference; fileEncoding = 4; lastKnownFileType = sourcecode.javascript; path = ace.js; sourceTree = "<group>"; };
		1778D00C175164CC00005B73 /* ext-elastic_tabstops_lite.js */ = {isa = PBXFileReference; fileEncoding = 4; lastKnownFileType = sourcecode.javascript; path = "ext-elastic_tabstops_lite.js"; sourceTree = "<group>"; };
		1778D00D175164CC00005B73 /* ext-emmet.js */ = {isa = PBXFileReference; fileEncoding = 4; lastKnownFileType = sourcecode.javascript; path = "ext-emmet.js"; sourceTree = "<group>"; };
		1778D00E175164CC00005B73 /* ext-keybinding_menu.js */ = {isa = PBXFileReference; fileEncoding = 4; lastKnownFileType = sourcecode.javascript; path = "ext-keybinding_menu.js"; sourceTree = "<group>"; };
		1778D00F175164CC00005B73 /* ext-modelist.js */ = {isa = PBXFileReference; fileEncoding = 4; lastKnownFileType = sourcecode.javascript; path = "ext-modelist.js"; sourceTree = "<group>"; };
		1778D010175164CC00005B73 /* ext-options.js */ = {isa = PBXFileReference; fileEncoding = 4; lastKnownFileType = sourcecode.javascript; path = "ext-options.js"; sourceTree = "<group>"; };
		1778D011175164CC00005B73 /* ext-searchbox.js */ = {isa = PBXFileReference; fileEncoding = 4; lastKnownFileType = sourcecode.javascript; path = "ext-searchbox.js"; sourceTree = "<group>"; };
		1778D012175164CC00005B73 /* ext-settings_menu.js */ = {isa = PBXFileReference; fileEncoding = 4; lastKnownFileType = sourcecode.javascript; path = "ext-settings_menu.js"; sourceTree = "<group>"; };
		1778D013175164CC00005B73 /* ext-spellcheck.js */ = {isa = PBXFileReference; fileEncoding = 4; lastKnownFileType = sourcecode.javascript; path = "ext-spellcheck.js"; sourceTree = "<group>"; };
		1778D014175164CC00005B73 /* ext-static_highlight.js */ = {isa = PBXFileReference; fileEncoding = 4; lastKnownFileType = sourcecode.javascript; path = "ext-static_highlight.js"; sourceTree = "<group>"; };
		1778D015175164CC00005B73 /* ext-statusbar.js */ = {isa = PBXFileReference; fileEncoding = 4; lastKnownFileType = sourcecode.javascript; path = "ext-statusbar.js"; sourceTree = "<group>"; };
		1778D016175164CC00005B73 /* ext-textarea.js */ = {isa = PBXFileReference; fileEncoding = 4; lastKnownFileType = sourcecode.javascript; path = "ext-textarea.js"; sourceTree = "<group>"; };
		1778D017175164CC00005B73 /* ext-themelist.js */ = {isa = PBXFileReference; fileEncoding = 4; lastKnownFileType = sourcecode.javascript; path = "ext-themelist.js"; sourceTree = "<group>"; };
		1778D018175164CC00005B73 /* ext-whitespace.js */ = {isa = PBXFileReference; fileEncoding = 4; lastKnownFileType = sourcecode.javascript; path = "ext-whitespace.js"; sourceTree = "<group>"; };
		1778D019175164CC00005B73 /* keybinding-emacs.js */ = {isa = PBXFileReference; fileEncoding = 4; lastKnownFileType = sourcecode.javascript; path = "keybinding-emacs.js"; sourceTree = "<group>"; };
		1778D01A175164CC00005B73 /* keybinding-vim.js */ = {isa = PBXFileReference; fileEncoding = 4; lastKnownFileType = sourcecode.javascript; path = "keybinding-vim.js"; sourceTree = "<group>"; };
		1778D01B175164CC00005B73 /* mode-abap.js */ = {isa = PBXFileReference; fileEncoding = 4; lastKnownFileType = sourcecode.javascript; path = "mode-abap.js"; sourceTree = "<group>"; };
		1778D01C175164CC00005B73 /* mode-actionscript.js */ = {isa = PBXFileReference; fileEncoding = 4; lastKnownFileType = sourcecode.javascript; path = "mode-actionscript.js"; sourceTree = "<group>"; };
		1778D01D175164CC00005B73 /* mode-asciidoc.js */ = {isa = PBXFileReference; fileEncoding = 4; lastKnownFileType = sourcecode.javascript; path = "mode-asciidoc.js"; sourceTree = "<group>"; };
		1778D01E175164CC00005B73 /* mode-autohotkey.js */ = {isa = PBXFileReference; fileEncoding = 4; lastKnownFileType = sourcecode.javascript; path = "mode-autohotkey.js"; sourceTree = "<group>"; };
		1778D01F175164CC00005B73 /* mode-batchfile.js */ = {isa = PBXFileReference; fileEncoding = 4; lastKnownFileType = sourcecode.javascript; path = "mode-batchfile.js"; sourceTree = "<group>"; };
		1778D020175164CC00005B73 /* mode-c9search.js */ = {isa = PBXFileReference; fileEncoding = 4; lastKnownFileType = sourcecode.javascript; path = "mode-c9search.js"; sourceTree = "<group>"; };
		1778D021175164CC00005B73 /* mode-c_cpp.js */ = {isa = PBXFileReference; fileEncoding = 4; lastKnownFileType = sourcecode.javascript; path = "mode-c_cpp.js"; sourceTree = "<group>"; };
		1778D022175164CC00005B73 /* mode-clojure.js */ = {isa = PBXFileReference; fileEncoding = 4; lastKnownFileType = sourcecode.javascript; path = "mode-clojure.js"; sourceTree = "<group>"; };
		1778D023175164CC00005B73 /* mode-coffee.js */ = {isa = PBXFileReference; fileEncoding = 4; lastKnownFileType = sourcecode.javascript; path = "mode-coffee.js"; sourceTree = "<group>"; };
		1778D024175164CC00005B73 /* mode-coldfusion.js */ = {isa = PBXFileReference; fileEncoding = 4; lastKnownFileType = sourcecode.javascript; path = "mode-coldfusion.js"; sourceTree = "<group>"; };
		1778D025175164CC00005B73 /* mode-csharp.js */ = {isa = PBXFileReference; fileEncoding = 4; lastKnownFileType = sourcecode.javascript; path = "mode-csharp.js"; sourceTree = "<group>"; };
		1778D026175164CC00005B73 /* mode-css.js */ = {isa = PBXFileReference; fileEncoding = 4; lastKnownFileType = sourcecode.javascript; path = "mode-css.js"; sourceTree = "<group>"; };
		1778D027175164CC00005B73 /* mode-curly.js */ = {isa = PBXFileReference; fileEncoding = 4; lastKnownFileType = sourcecode.javascript; path = "mode-curly.js"; sourceTree = "<group>"; };
		1778D028175164CC00005B73 /* mode-dart.js */ = {isa = PBXFileReference; fileEncoding = 4; lastKnownFileType = sourcecode.javascript; path = "mode-dart.js"; sourceTree = "<group>"; };
		1778D029175164CC00005B73 /* mode-diff.js */ = {isa = PBXFileReference; fileEncoding = 4; lastKnownFileType = sourcecode.javascript; path = "mode-diff.js"; sourceTree = "<group>"; };
		1778D02A175164CC00005B73 /* mode-django.js */ = {isa = PBXFileReference; fileEncoding = 4; lastKnownFileType = sourcecode.javascript; path = "mode-django.js"; sourceTree = "<group>"; };
		1778D02B175164CC00005B73 /* mode-dot.js */ = {isa = PBXFileReference; fileEncoding = 4; lastKnownFileType = sourcecode.javascript; path = "mode-dot.js"; sourceTree = "<group>"; };
		1778D02C175164CC00005B73 /* mode-erlang.js */ = {isa = PBXFileReference; fileEncoding = 4; lastKnownFileType = sourcecode.javascript; path = "mode-erlang.js"; sourceTree = "<group>"; };
		1778D02D175164CC00005B73 /* mode-forth.js */ = {isa = PBXFileReference; fileEncoding = 4; lastKnownFileType = sourcecode.javascript; path = "mode-forth.js"; sourceTree = "<group>"; };
		1778D02E175164CC00005B73 /* mode-ftl.js */ = {isa = PBXFileReference; fileEncoding = 4; lastKnownFileType = sourcecode.javascript; path = "mode-ftl.js"; sourceTree = "<group>"; };
		1778D02F175164CC00005B73 /* mode-glsl.js */ = {isa = PBXFileReference; fileEncoding = 4; lastKnownFileType = sourcecode.javascript; path = "mode-glsl.js"; sourceTree = "<group>"; };
		1778D030175164CC00005B73 /* mode-golang.js */ = {isa = PBXFileReference; fileEncoding = 4; lastKnownFileType = sourcecode.javascript; path = "mode-golang.js"; sourceTree = "<group>"; };
		1778D031175164CC00005B73 /* mode-groovy.js */ = {isa = PBXFileReference; fileEncoding = 4; lastKnownFileType = sourcecode.javascript; path = "mode-groovy.js"; sourceTree = "<group>"; };
		1778D032175164CC00005B73 /* mode-haml.js */ = {isa = PBXFileReference; fileEncoding = 4; lastKnownFileType = sourcecode.javascript; path = "mode-haml.js"; sourceTree = "<group>"; };
		1778D033175164CC00005B73 /* mode-haskell.js */ = {isa = PBXFileReference; fileEncoding = 4; lastKnownFileType = sourcecode.javascript; path = "mode-haskell.js"; sourceTree = "<group>"; };
		1778D034175164CC00005B73 /* mode-haxe.js */ = {isa = PBXFileReference; fileEncoding = 4; lastKnownFileType = sourcecode.javascript; path = "mode-haxe.js"; sourceTree = "<group>"; };
		1778D035175164CC00005B73 /* mode-html.js */ = {isa = PBXFileReference; fileEncoding = 4; lastKnownFileType = sourcecode.javascript; path = "mode-html.js"; sourceTree = "<group>"; };
		1778D036175164CC00005B73 /* mode-html_ruby.js */ = {isa = PBXFileReference; fileEncoding = 4; lastKnownFileType = sourcecode.javascript; path = "mode-html_ruby.js"; sourceTree = "<group>"; };
		1778D037175164CC00005B73 /* mode-ini.js */ = {isa = PBXFileReference; fileEncoding = 4; lastKnownFileType = sourcecode.javascript; path = "mode-ini.js"; sourceTree = "<group>"; };
		1778D038175164CC00005B73 /* mode-jade.js */ = {isa = PBXFileReference; fileEncoding = 4; lastKnownFileType = sourcecode.javascript; path = "mode-jade.js"; sourceTree = "<group>"; };
		1778D039175164CC00005B73 /* mode-java.js */ = {isa = PBXFileReference; fileEncoding = 4; lastKnownFileType = sourcecode.javascript; path = "mode-java.js"; sourceTree = "<group>"; };
		1778D03A175164CC00005B73 /* mode-javascript.js */ = {isa = PBXFileReference; fileEncoding = 4; lastKnownFileType = sourcecode.javascript; path = "mode-javascript.js"; sourceTree = "<group>"; };
		1778D03B175164CC00005B73 /* mode-json.js */ = {isa = PBXFileReference; fileEncoding = 4; lastKnownFileType = sourcecode.javascript; path = "mode-json.js"; sourceTree = "<group>"; };
		1778D03C175164CC00005B73 /* mode-jsoniq.js */ = {isa = PBXFileReference; fileEncoding = 4; lastKnownFileType = sourcecode.javascript; path = "mode-jsoniq.js"; sourceTree = "<group>"; };
		1778D03D175164CC00005B73 /* mode-jsp.js */ = {isa = PBXFileReference; fileEncoding = 4; lastKnownFileType = sourcecode.javascript; path = "mode-jsp.js"; sourceTree = "<group>"; };
		1778D03E175164CC00005B73 /* mode-jsx.js */ = {isa = PBXFileReference; fileEncoding = 4; lastKnownFileType = sourcecode.javascript; path = "mode-jsx.js"; sourceTree = "<group>"; };
		1778D03F175164CC00005B73 /* mode-julia.js */ = {isa = PBXFileReference; fileEncoding = 4; lastKnownFileType = sourcecode.javascript; path = "mode-julia.js"; sourceTree = "<group>"; };
		1778D040175164CC00005B73 /* mode-latex.js */ = {isa = PBXFileReference; fileEncoding = 4; lastKnownFileType = sourcecode.javascript; path = "mode-latex.js"; sourceTree = "<group>"; };
		1778D041175164CC00005B73 /* mode-less.js */ = {isa = PBXFileReference; fileEncoding = 4; lastKnownFileType = sourcecode.javascript; path = "mode-less.js"; sourceTree = "<group>"; };
		1778D042175164CC00005B73 /* mode-liquid.js */ = {isa = PBXFileReference; fileEncoding = 4; lastKnownFileType = sourcecode.javascript; path = "mode-liquid.js"; sourceTree = "<group>"; };
		1778D043175164CC00005B73 /* mode-lisp.js */ = {isa = PBXFileReference; fileEncoding = 4; lastKnownFileType = sourcecode.javascript; path = "mode-lisp.js"; sourceTree = "<group>"; };
		1778D044175164CC00005B73 /* mode-livescript.js */ = {isa = PBXFileReference; fileEncoding = 4; lastKnownFileType = sourcecode.javascript; path = "mode-livescript.js"; sourceTree = "<group>"; };
		1778D045175164CC00005B73 /* mode-logiql.js */ = {isa = PBXFileReference; fileEncoding = 4; lastKnownFileType = sourcecode.javascript; path = "mode-logiql.js"; sourceTree = "<group>"; };
		1778D046175164CC00005B73 /* mode-lsl.js */ = {isa = PBXFileReference; fileEncoding = 4; lastKnownFileType = sourcecode.javascript; path = "mode-lsl.js"; sourceTree = "<group>"; };
		1778D047175164CC00005B73 /* mode-lua.js */ = {isa = PBXFileReference; fileEncoding = 4; lastKnownFileType = sourcecode.javascript; path = "mode-lua.js"; sourceTree = "<group>"; };
		1778D048175164CC00005B73 /* mode-luapage.js */ = {isa = PBXFileReference; fileEncoding = 4; lastKnownFileType = sourcecode.javascript; path = "mode-luapage.js"; sourceTree = "<group>"; };
		1778D049175164CC00005B73 /* mode-lucene.js */ = {isa = PBXFileReference; fileEncoding = 4; lastKnownFileType = sourcecode.javascript; path = "mode-lucene.js"; sourceTree = "<group>"; };
		1778D04A175164CC00005B73 /* mode-makefile.js */ = {isa = PBXFileReference; fileEncoding = 4; lastKnownFileType = sourcecode.javascript; path = "mode-makefile.js"; sourceTree = "<group>"; };
		1778D04B175164CC00005B73 /* mode-markdown.js */ = {isa = PBXFileReference; fileEncoding = 4; lastKnownFileType = sourcecode.javascript; path = "mode-markdown.js"; sourceTree = "<group>"; };
		1778D04C175164CC00005B73 /* mode-mushcode.js */ = {isa = PBXFileReference; fileEncoding = 4; lastKnownFileType = sourcecode.javascript; path = "mode-mushcode.js"; sourceTree = "<group>"; };
		1778D04D175164CC00005B73 /* mode-mushcode_high_rules.js */ = {isa = PBXFileReference; fileEncoding = 4; lastKnownFileType = sourcecode.javascript; path = "mode-mushcode_high_rules.js"; sourceTree = "<group>"; };
		1778D04E175164CC00005B73 /* mode-objectivec.js */ = {isa = PBXFileReference; fileEncoding = 4; lastKnownFileType = sourcecode.javascript; path = "mode-objectivec.js"; sourceTree = "<group>"; };
		1778D04F175164CC00005B73 /* mode-ocaml.js */ = {isa = PBXFileReference; fileEncoding = 4; lastKnownFileType = sourcecode.javascript; path = "mode-ocaml.js"; sourceTree = "<group>"; };
		1778D050175164CC00005B73 /* mode-pascal.js */ = {isa = PBXFileReference; fileEncoding = 4; lastKnownFileType = sourcecode.javascript; path = "mode-pascal.js"; sourceTree = "<group>"; };
		1778D051175164CC00005B73 /* mode-perl.js */ = {isa = PBXFileReference; fileEncoding = 4; lastKnownFileType = sourcecode.javascript; path = "mode-perl.js"; sourceTree = "<group>"; };
		1778D052175164CC00005B73 /* mode-pgsql.js */ = {isa = PBXFileReference; fileEncoding = 4; lastKnownFileType = sourcecode.javascript; path = "mode-pgsql.js"; sourceTree = "<group>"; };
		1778D053175164CC00005B73 /* mode-php.js */ = {isa = PBXFileReference; fileEncoding = 4; lastKnownFileType = sourcecode.javascript; path = "mode-php.js"; sourceTree = "<group>"; };
		1778D054175164CC00005B73 /* mode-powershell.js */ = {isa = PBXFileReference; fileEncoding = 4; lastKnownFileType = sourcecode.javascript; path = "mode-powershell.js"; sourceTree = "<group>"; };
		1778D055175164CC00005B73 /* mode-prolog.js */ = {isa = PBXFileReference; fileEncoding = 4; lastKnownFileType = sourcecode.javascript; path = "mode-prolog.js"; sourceTree = "<group>"; };
		1778D056175164CC00005B73 /* mode-properties.js */ = {isa = PBXFileReference; fileEncoding = 4; lastKnownFileType = sourcecode.javascript; path = "mode-properties.js"; sourceTree = "<group>"; };
		1778D057175164CC00005B73 /* mode-python.js */ = {isa = PBXFileReference; fileEncoding = 4; lastKnownFileType = sourcecode.javascript; path = "mode-python.js"; sourceTree = "<group>"; };
		1778D058175164CC00005B73 /* mode-r.js */ = {isa = PBXFileReference; fileEncoding = 4; lastKnownFileType = sourcecode.javascript; path = "mode-r.js"; sourceTree = "<group>"; };
		1778D059175164CC00005B73 /* mode-rdoc.js */ = {isa = PBXFileReference; fileEncoding = 4; lastKnownFileType = sourcecode.javascript; path = "mode-rdoc.js"; sourceTree = "<group>"; };
		1778D05A175164CC00005B73 /* mode-rhtml.js */ = {isa = PBXFileReference; fileEncoding = 4; lastKnownFileType = sourcecode.javascript; path = "mode-rhtml.js"; sourceTree = "<group>"; };
		1778D05B175164CC00005B73 /* mode-ruby.js */ = {isa = PBXFileReference; fileEncoding = 4; lastKnownFileType = sourcecode.javascript; path = "mode-ruby.js"; sourceTree = "<group>"; };
		1778D05C175164CC00005B73 /* mode-rust.js */ = {isa = PBXFileReference; fileEncoding = 4; lastKnownFileType = sourcecode.javascript; path = "mode-rust.js"; sourceTree = "<group>"; };
		1778D05D175164CC00005B73 /* mode-sass.js */ = {isa = PBXFileReference; fileEncoding = 4; lastKnownFileType = sourcecode.javascript; path = "mode-sass.js"; sourceTree = "<group>"; };
		1778D05E175164CC00005B73 /* mode-scad.js */ = {isa = PBXFileReference; fileEncoding = 4; lastKnownFileType = sourcecode.javascript; path = "mode-scad.js"; sourceTree = "<group>"; };
		1778D05F175164CC00005B73 /* mode-scala.js */ = {isa = PBXFileReference; fileEncoding = 4; lastKnownFileType = sourcecode.javascript; path = "mode-scala.js"; sourceTree = "<group>"; };
		1778D060175164CC00005B73 /* mode-scheme.js */ = {isa = PBXFileReference; fileEncoding = 4; lastKnownFileType = sourcecode.javascript; path = "mode-scheme.js"; sourceTree = "<group>"; };
		1778D061175164CC00005B73 /* mode-scss.js */ = {isa = PBXFileReference; fileEncoding = 4; lastKnownFileType = sourcecode.javascript; path = "mode-scss.js"; sourceTree = "<group>"; };
		1778D062175164CC00005B73 /* mode-sh.js */ = {isa = PBXFileReference; fileEncoding = 4; lastKnownFileType = sourcecode.javascript; path = "mode-sh.js"; sourceTree = "<group>"; };
		1778D063175164CC00005B73 /* mode-snippets.js */ = {isa = PBXFileReference; fileEncoding = 4; lastKnownFileType = sourcecode.javascript; path = "mode-snippets.js"; sourceTree = "<group>"; };
		1778D064175164CC00005B73 /* mode-sql.js */ = {isa = PBXFileReference; fileEncoding = 4; lastKnownFileType = sourcecode.javascript; path = "mode-sql.js"; sourceTree = "<group>"; };
		1778D065175164CC00005B73 /* mode-stylus.js */ = {isa = PBXFileReference; fileEncoding = 4; lastKnownFileType = sourcecode.javascript; path = "mode-stylus.js"; sourceTree = "<group>"; };
		1778D066175164CC00005B73 /* mode-svg.js */ = {isa = PBXFileReference; fileEncoding = 4; lastKnownFileType = sourcecode.javascript; path = "mode-svg.js"; sourceTree = "<group>"; };
		1778D067175164CC00005B73 /* mode-tcl.js */ = {isa = PBXFileReference; fileEncoding = 4; lastKnownFileType = sourcecode.javascript; path = "mode-tcl.js"; sourceTree = "<group>"; };
		1778D068175164CC00005B73 /* mode-tex.js */ = {isa = PBXFileReference; fileEncoding = 4; lastKnownFileType = sourcecode.javascript; path = "mode-tex.js"; sourceTree = "<group>"; };
		1778D069175164CC00005B73 /* mode-text.js */ = {isa = PBXFileReference; fileEncoding = 4; lastKnownFileType = sourcecode.javascript; path = "mode-text.js"; sourceTree = "<group>"; };
		1778D06A175164CC00005B73 /* mode-textile.js */ = {isa = PBXFileReference; fileEncoding = 4; lastKnownFileType = sourcecode.javascript; path = "mode-textile.js"; sourceTree = "<group>"; };
		1778D06B175164CC00005B73 /* mode-tmsnippet.js */ = {isa = PBXFileReference; fileEncoding = 4; lastKnownFileType = sourcecode.javascript; path = "mode-tmsnippet.js"; sourceTree = "<group>"; };
		1778D06C175164CC00005B73 /* mode-toml.js */ = {isa = PBXFileReference; fileEncoding = 4; lastKnownFileType = sourcecode.javascript; path = "mode-toml.js"; sourceTree = "<group>"; };
		1778D06D175164CC00005B73 /* mode-typescript.js */ = {isa = PBXFileReference; fileEncoding = 4; lastKnownFileType = sourcecode.javascript; path = "mode-typescript.js"; sourceTree = "<group>"; };
		1778D06E175164CC00005B73 /* mode-vbscript.js */ = {isa = PBXFileReference; fileEncoding = 4; lastKnownFileType = sourcecode.javascript; path = "mode-vbscript.js"; sourceTree = "<group>"; };
		1778D06F175164CC00005B73 /* mode-velocity.js */ = {isa = PBXFileReference; fileEncoding = 4; lastKnownFileType = sourcecode.javascript; path = "mode-velocity.js"; sourceTree = "<group>"; };
		1778D070175164CC00005B73 /* mode-xml.js */ = {isa = PBXFileReference; fileEncoding = 4; lastKnownFileType = sourcecode.javascript; path = "mode-xml.js"; sourceTree = "<group>"; };
		1778D071175164CC00005B73 /* mode-xquery.js */ = {isa = PBXFileReference; fileEncoding = 4; lastKnownFileType = sourcecode.javascript; path = "mode-xquery.js"; sourceTree = "<group>"; };
		1778D072175164CC00005B73 /* mode-yaml.js */ = {isa = PBXFileReference; fileEncoding = 4; lastKnownFileType = sourcecode.javascript; path = "mode-yaml.js"; sourceTree = "<group>"; };
		1778D073175164CC00005B73 /* theme-ambiance.js */ = {isa = PBXFileReference; fileEncoding = 4; lastKnownFileType = sourcecode.javascript; path = "theme-ambiance.js"; sourceTree = "<group>"; };
		1778D074175164CC00005B73 /* theme-chaos.js */ = {isa = PBXFileReference; fileEncoding = 4; lastKnownFileType = sourcecode.javascript; path = "theme-chaos.js"; sourceTree = "<group>"; };
		1778D075175164CC00005B73 /* theme-chrome.js */ = {isa = PBXFileReference; fileEncoding = 4; lastKnownFileType = sourcecode.javascript; path = "theme-chrome.js"; sourceTree = "<group>"; };
		1778D076175164CC00005B73 /* theme-clouds.js */ = {isa = PBXFileReference; fileEncoding = 4; lastKnownFileType = sourcecode.javascript; path = "theme-clouds.js"; sourceTree = "<group>"; };
		1778D077175164CC00005B73 /* theme-clouds_midnight.js */ = {isa = PBXFileReference; fileEncoding = 4; lastKnownFileType = sourcecode.javascript; path = "theme-clouds_midnight.js"; sourceTree = "<group>"; };
		1778D078175164CC00005B73 /* theme-cobalt.js */ = {isa = PBXFileReference; fileEncoding = 4; lastKnownFileType = sourcecode.javascript; path = "theme-cobalt.js"; sourceTree = "<group>"; };
		1778D079175164CC00005B73 /* theme-crimson_editor.js */ = {isa = PBXFileReference; fileEncoding = 4; lastKnownFileType = sourcecode.javascript; path = "theme-crimson_editor.js"; sourceTree = "<group>"; };
		1778D07A175164CC00005B73 /* theme-dawn.js */ = {isa = PBXFileReference; fileEncoding = 4; lastKnownFileType = sourcecode.javascript; path = "theme-dawn.js"; sourceTree = "<group>"; };
		1778D07B175164CC00005B73 /* theme-dreamweaver.js */ = {isa = PBXFileReference; fileEncoding = 4; lastKnownFileType = sourcecode.javascript; path = "theme-dreamweaver.js"; sourceTree = "<group>"; };
		1778D07C175164CC00005B73 /* theme-eclipse.js */ = {isa = PBXFileReference; fileEncoding = 4; lastKnownFileType = sourcecode.javascript; path = "theme-eclipse.js"; sourceTree = "<group>"; };
		1778D07D175164CC00005B73 /* theme-github.js */ = {isa = PBXFileReference; fileEncoding = 4; lastKnownFileType = sourcecode.javascript; path = "theme-github.js"; sourceTree = "<group>"; };
		1778D07E175164CC00005B73 /* theme-idle_fingers.js */ = {isa = PBXFileReference; fileEncoding = 4; lastKnownFileType = sourcecode.javascript; path = "theme-idle_fingers.js"; sourceTree = "<group>"; };
		1778D07F175164CC00005B73 /* theme-kr.js */ = {isa = PBXFileReference; fileEncoding = 4; lastKnownFileType = sourcecode.javascript; path = "theme-kr.js"; sourceTree = "<group>"; };
		1778D080175164CC00005B73 /* theme-merbivore.js */ = {isa = PBXFileReference; fileEncoding = 4; lastKnownFileType = sourcecode.javascript; path = "theme-merbivore.js"; sourceTree = "<group>"; };
		1778D081175164CC00005B73 /* theme-merbivore_soft.js */ = {isa = PBXFileReference; fileEncoding = 4; lastKnownFileType = sourcecode.javascript; path = "theme-merbivore_soft.js"; sourceTree = "<group>"; };
		1778D082175164CC00005B73 /* theme-mono_industrial.js */ = {isa = PBXFileReference; fileEncoding = 4; lastKnownFileType = sourcecode.javascript; path = "theme-mono_industrial.js"; sourceTree = "<group>"; };
		1778D083175164CC00005B73 /* theme-monokai.js */ = {isa = PBXFileReference; fileEncoding = 4; lastKnownFileType = sourcecode.javascript; path = "theme-monokai.js"; sourceTree = "<group>"; };
		1778D084175164CC00005B73 /* theme-pastel_on_dark.js */ = {isa = PBXFileReference; fileEncoding = 4; lastKnownFileType = sourcecode.javascript; path = "theme-pastel_on_dark.js"; sourceTree = "<group>"; };
		1778D085175164CC00005B73 /* theme-solarized_dark.js */ = {isa = PBXFileReference; fileEncoding = 4; lastKnownFileType = sourcecode.javascript; path = "theme-solarized_dark.js"; sourceTree = "<group>"; };
		1778D086175164CC00005B73 /* theme-solarized_light.js */ = {isa = PBXFileReference; fileEncoding = 4; lastKnownFileType = sourcecode.javascript; path = "theme-solarized_light.js"; sourceTree = "<group>"; };
		1778D087175164CC00005B73 /* theme-terminal.js */ = {isa = PBXFileReference; fileEncoding = 4; lastKnownFileType = sourcecode.javascript; path = "theme-terminal.js"; sourceTree = "<group>"; };
		1778D088175164CC00005B73 /* theme-textmate.js */ = {isa = PBXFileReference; fileEncoding = 4; lastKnownFileType = sourcecode.javascript; path = "theme-textmate.js"; sourceTree = "<group>"; };
		1778D089175164CC00005B73 /* theme-tomorrow.js */ = {isa = PBXFileReference; fileEncoding = 4; lastKnownFileType = sourcecode.javascript; path = "theme-tomorrow.js"; sourceTree = "<group>"; };
		1778D08A175164CC00005B73 /* theme-tomorrow_night.js */ = {isa = PBXFileReference; fileEncoding = 4; lastKnownFileType = sourcecode.javascript; path = "theme-tomorrow_night.js"; sourceTree = "<group>"; };
		1778D08B175164CC00005B73 /* theme-tomorrow_night_blue.js */ = {isa = PBXFileReference; fileEncoding = 4; lastKnownFileType = sourcecode.javascript; path = "theme-tomorrow_night_blue.js"; sourceTree = "<group>"; };
		1778D08C175164CC00005B73 /* theme-tomorrow_night_bright.js */ = {isa = PBXFileReference; fileEncoding = 4; lastKnownFileType = sourcecode.javascript; path = "theme-tomorrow_night_bright.js"; sourceTree = "<group>"; };
		1778D08D175164CC00005B73 /* theme-tomorrow_night_eighties.js */ = {isa = PBXFileReference; fileEncoding = 4; lastKnownFileType = sourcecode.javascript; path = "theme-tomorrow_night_eighties.js"; sourceTree = "<group>"; };
		1778D08E175164CC00005B73 /* theme-twilight.js */ = {isa = PBXFileReference; fileEncoding = 4; lastKnownFileType = sourcecode.javascript; path = "theme-twilight.js"; sourceTree = "<group>"; };
		1778D08F175164CC00005B73 /* theme-vibrant_ink.js */ = {isa = PBXFileReference; fileEncoding = 4; lastKnownFileType = sourcecode.javascript; path = "theme-vibrant_ink.js"; sourceTree = "<group>"; };
		1778D090175164CC00005B73 /* theme-xcode.js */ = {isa = PBXFileReference; fileEncoding = 4; lastKnownFileType = sourcecode.javascript; path = "theme-xcode.js"; sourceTree = "<group>"; };
		1778D091175164CC00005B73 /* worker-coffee.js */ = {isa = PBXFileReference; fileEncoding = 4; lastKnownFileType = sourcecode.javascript; path = "worker-coffee.js"; sourceTree = "<group>"; };
		1778D092175164CC00005B73 /* worker-css.js */ = {isa = PBXFileReference; fileEncoding = 4; lastKnownFileType = sourcecode.javascript; path = "worker-css.js"; sourceTree = "<group>"; };
		1778D093175164CC00005B73 /* worker-javascript.js */ = {isa = PBXFileReference; fileEncoding = 4; lastKnownFileType = sourcecode.javascript; path = "worker-javascript.js"; sourceTree = "<group>"; };
		1778D094175164CC00005B73 /* worker-json.js */ = {isa = PBXFileReference; fileEncoding = 4; lastKnownFileType = sourcecode.javascript; path = "worker-json.js"; sourceTree = "<group>"; };
		1778D095175164CC00005B73 /* worker-lua.js */ = {isa = PBXFileReference; fileEncoding = 4; lastKnownFileType = sourcecode.javascript; path = "worker-lua.js"; sourceTree = "<group>"; };
		1778D096175164CC00005B73 /* worker-php.js */ = {isa = PBXFileReference; fileEncoding = 4; lastKnownFileType = sourcecode.javascript; path = "worker-php.js"; sourceTree = "<group>"; };
		1778D097175164CC00005B73 /* worker-xquery.js */ = {isa = PBXFileReference; fileEncoding = 4; lastKnownFileType = sourcecode.javascript; path = "worker-xquery.js"; sourceTree = "<group>"; };
		1778D1B317516E9600005B73 /* OUCommanderResponse.h */ = {isa = PBXFileReference; fileEncoding = 4; lastKnownFileType = sourcecode.c.h; path = OUCommanderResponse.h; sourceTree = "<group>"; };
		1778D1B417516E9600005B73 /* OUCommanderResponse.m */ = {isa = PBXFileReference; fileEncoding = 4; lastKnownFileType = sourcecode.c.objc; path = OUCommanderResponse.m; sourceTree = "<group>"; };
		1778D1B6175177A500005B73 /* run.png */ = {isa = PBXFileReference; lastKnownFileType = image.png; path = run.png; sourceTree = "<group>"; };
		1778D1BA1751833100005B73 /* settings.png */ = {isa = PBXFileReference; lastKnownFileType = image.png; path = settings.png; sourceTree = "<group>"; };
/* End PBXFileReference section */

/* Begin PBXFrameworksBuildPhase section */
		1778C8F717514A0D00005B73 /* Frameworks */ = {
			isa = PBXFrameworksBuildPhase;
			buildActionMask = 2147483647;
			files = (
				1778C91E17514C3800005B73 /* WebKit.framework in Frameworks */,
				1778C8FE17514A0D00005B73 /* Cocoa.framework in Frameworks */,
			);
			runOnlyForDeploymentPostprocessing = 0;
		};
/* End PBXFrameworksBuildPhase section */

/* Begin PBXGroup section */
		1778C8F117514A0D00005B73 = {
			isa = PBXGroup;
			children = (
				1778D008175164CB00005B73 /* htdocs */,
				1778C91D17514C3800005B73 /* WebKit.framework */,
				1778C90317514A0D00005B73 /* PHPTest */,
				1778C8FC17514A0D00005B73 /* Frameworks */,
				1778C8FB17514A0D00005B73 /* Products */,
			);
			sourceTree = "<group>";
		};
		1778C8FB17514A0D00005B73 /* Products */ = {
			isa = PBXGroup;
			children = (
				1778C8FA17514A0D00005B73 /* PHPTest.app */,
			);
			name = Products;
			sourceTree = "<group>";
		};
		1778C8FC17514A0D00005B73 /* Frameworks */ = {
			isa = PBXGroup;
			children = (
				1778C8FD17514A0D00005B73 /* Cocoa.framework */,
				1778C8FF17514A0D00005B73 /* Other Frameworks */,
			);
			name = Frameworks;
			sourceTree = "<group>";
		};
		1778C8FF17514A0D00005B73 /* Other Frameworks */ = {
			isa = PBXGroup;
			children = (
				1778C90017514A0D00005B73 /* AppKit.framework */,
				1778C90117514A0D00005B73 /* CoreData.framework */,
				1778C90217514A0D00005B73 /* Foundation.framework */,
			);
			name = "Other Frameworks";
			sourceTree = "<group>";
		};
		1778C90317514A0D00005B73 /* PHPTest */ = {
			isa = PBXGroup;
			children = (
				1778D1BA1751833100005B73 /* settings.png */,
				1778D1B6175177A500005B73 /* run.png */,
				1778C90F17514A0D00005B73 /* OUAppDelegate.h */,
				1778C91017514A0D00005B73 /* OUAppDelegate.m */,
				1778C91217514A0E00005B73 /* MainMenu.xib */,
				1778C91517514A0E00005B73 /* PHPTest.xcdatamodeld */,
				1778C90417514A0D00005B73 /* Supporting Files */,
				1778C922175150C200005B73 /* OUCommander.h */,
				1778C923175150C200005B73 /* OUCommander.m */,
				1778D1B317516E9600005B73 /* OUCommanderResponse.h */,
				1778D1B417516E9600005B73 /* OUCommanderResponse.m */,
			);
			path = PHPTest;
			sourceTree = "<group>";
		};
		1778C90417514A0D00005B73 /* Supporting Files */ = {
			isa = PBXGroup;
			children = (
				1778C90517514A0D00005B73 /* PHPTest-Info.plist */,
				1778C90617514A0D00005B73 /* InfoPlist.strings */,
				1778C90917514A0D00005B73 /* main.m */,
				1778C90B17514A0D00005B73 /* PHPTest-Prefix.pch */,
				1778C90C17514A0D00005B73 /* Credits.rtf */,
			);
			name = "Supporting Files";
			sourceTree = "<group>";
		};
		1778D008175164CB00005B73 /* htdocs */ = {
			isa = PBXGroup;
			children = (
				1778D009175164CC00005B73 /* index.html */,
				1778D00A175164CC00005B73 /* src */,
			);
			path = htdocs;
			sourceTree = "<group>";
		};
		1778D00A175164CC00005B73 /* src */ = {
			isa = PBXGroup;
			children = (
				1778D00B175164CC00005B73 /* ace.js */,
				1778D00C175164CC00005B73 /* ext-elastic_tabstops_lite.js */,
				1778D00D175164CC00005B73 /* ext-emmet.js */,
				1778D00E175164CC00005B73 /* ext-keybinding_menu.js */,
				1778D00F175164CC00005B73 /* ext-modelist.js */,
				1778D010175164CC00005B73 /* ext-options.js */,
				1778D011175164CC00005B73 /* ext-searchbox.js */,
				1778D012175164CC00005B73 /* ext-settings_menu.js */,
				1778D013175164CC00005B73 /* ext-spellcheck.js */,
				1778D014175164CC00005B73 /* ext-static_highlight.js */,
				1778D015175164CC00005B73 /* ext-statusbar.js */,
				1778D016175164CC00005B73 /* ext-textarea.js */,
				1778D017175164CC00005B73 /* ext-themelist.js */,
				1778D018175164CC00005B73 /* ext-whitespace.js */,
				1778D019175164CC00005B73 /* keybinding-emacs.js */,
				1778D01A175164CC00005B73 /* keybinding-vim.js */,
				1778D01B175164CC00005B73 /* mode-abap.js */,
				1778D01C175164CC00005B73 /* mode-actionscript.js */,
				1778D01D175164CC00005B73 /* mode-asciidoc.js */,
				1778D01E175164CC00005B73 /* mode-autohotkey.js */,
				1778D01F175164CC00005B73 /* mode-batchfile.js */,
				1778D020175164CC00005B73 /* mode-c9search.js */,
				1778D021175164CC00005B73 /* mode-c_cpp.js */,
				1778D022175164CC00005B73 /* mode-clojure.js */,
				1778D023175164CC00005B73 /* mode-coffee.js */,
				1778D024175164CC00005B73 /* mode-coldfusion.js */,
				1778D025175164CC00005B73 /* mode-csharp.js */,
				1778D026175164CC00005B73 /* mode-css.js */,
				1778D027175164CC00005B73 /* mode-curly.js */,
				1778D028175164CC00005B73 /* mode-dart.js */,
				1778D029175164CC00005B73 /* mode-diff.js */,
				1778D02A175164CC00005B73 /* mode-django.js */,
				1778D02B175164CC00005B73 /* mode-dot.js */,
				1778D02C175164CC00005B73 /* mode-erlang.js */,
				1778D02D175164CC00005B73 /* mode-forth.js */,
				1778D02E175164CC00005B73 /* mode-ftl.js */,
				1778D02F175164CC00005B73 /* mode-glsl.js */,
				1778D030175164CC00005B73 /* mode-golang.js */,
				1778D031175164CC00005B73 /* mode-groovy.js */,
				1778D032175164CC00005B73 /* mode-haml.js */,
				1778D033175164CC00005B73 /* mode-haskell.js */,
				1778D034175164CC00005B73 /* mode-haxe.js */,
				1778D035175164CC00005B73 /* mode-html.js */,
				1778D036175164CC00005B73 /* mode-html_ruby.js */,
				1778D037175164CC00005B73 /* mode-ini.js */,
				1778D038175164CC00005B73 /* mode-jade.js */,
				1778D039175164CC00005B73 /* mode-java.js */,
				1778D03A175164CC00005B73 /* mode-javascript.js */,
				1778D03B175164CC00005B73 /* mode-json.js */,
				1778D03C175164CC00005B73 /* mode-jsoniq.js */,
				1778D03D175164CC00005B73 /* mode-jsp.js */,
				1778D03E175164CC00005B73 /* mode-jsx.js */,
				1778D03F175164CC00005B73 /* mode-julia.js */,
				1778D040175164CC00005B73 /* mode-latex.js */,
				1778D041175164CC00005B73 /* mode-less.js */,
				1778D042175164CC00005B73 /* mode-liquid.js */,
				1778D043175164CC00005B73 /* mode-lisp.js */,
				1778D044175164CC00005B73 /* mode-livescript.js */,
				1778D045175164CC00005B73 /* mode-logiql.js */,
				1778D046175164CC00005B73 /* mode-lsl.js */,
				1778D047175164CC00005B73 /* mode-lua.js */,
				1778D048175164CC00005B73 /* mode-luapage.js */,
				1778D049175164CC00005B73 /* mode-lucene.js */,
				1778D04A175164CC00005B73 /* mode-makefile.js */,
				1778D04B175164CC00005B73 /* mode-markdown.js */,
				1778D04C175164CC00005B73 /* mode-mushcode.js */,
				1778D04D175164CC00005B73 /* mode-mushcode_high_rules.js */,
				1778D04E175164CC00005B73 /* mode-objectivec.js */,
				1778D04F175164CC00005B73 /* mode-ocaml.js */,
				1778D050175164CC00005B73 /* mode-pascal.js */,
				1778D051175164CC00005B73 /* mode-perl.js */,
				1778D052175164CC00005B73 /* mode-pgsql.js */,
				1778D053175164CC00005B73 /* mode-php.js */,
				1778D054175164CC00005B73 /* mode-powershell.js */,
				1778D055175164CC00005B73 /* mode-prolog.js */,
				1778D056175164CC00005B73 /* mode-properties.js */,
				1778D057175164CC00005B73 /* mode-python.js */,
				1778D058175164CC00005B73 /* mode-r.js */,
				1778D059175164CC00005B73 /* mode-rdoc.js */,
				1778D05A175164CC00005B73 /* mode-rhtml.js */,
				1778D05B175164CC00005B73 /* mode-ruby.js */,
				1778D05C175164CC00005B73 /* mode-rust.js */,
				1778D05D175164CC00005B73 /* mode-sass.js */,
				1778D05E175164CC00005B73 /* mode-scad.js */,
				1778D05F175164CC00005B73 /* mode-scala.js */,
				1778D060175164CC00005B73 /* mode-scheme.js */,
				1778D061175164CC00005B73 /* mode-scss.js */,
				1778D062175164CC00005B73 /* mode-sh.js */,
				1778D063175164CC00005B73 /* mode-snippets.js */,
				1778D064175164CC00005B73 /* mode-sql.js */,
				1778D065175164CC00005B73 /* mode-stylus.js */,
				1778D066175164CC00005B73 /* mode-svg.js */,
				1778D067175164CC00005B73 /* mode-tcl.js */,
				1778D068175164CC00005B73 /* mode-tex.js */,
				1778D069175164CC00005B73 /* mode-text.js */,
				1778D06A175164CC00005B73 /* mode-textile.js */,
				1778D06B175164CC00005B73 /* mode-tmsnippet.js */,
				1778D06C175164CC00005B73 /* mode-toml.js */,
				1778D06D175164CC00005B73 /* mode-typescript.js */,
				1778D06E175164CC00005B73 /* mode-vbscript.js */,
				1778D06F175164CC00005B73 /* mode-velocity.js */,
				1778D070175164CC00005B73 /* mode-xml.js */,
				1778D071175164CC00005B73 /* mode-xquery.js */,
				1778D072175164CC00005B73 /* mode-yaml.js */,
				1778D073175164CC00005B73 /* theme-ambiance.js */,
				1778D074175164CC00005B73 /* theme-chaos.js */,
				1778D075175164CC00005B73 /* theme-chrome.js */,
				1778D076175164CC00005B73 /* theme-clouds.js */,
				1778D077175164CC00005B73 /* theme-clouds_midnight.js */,
				1778D078175164CC00005B73 /* theme-cobalt.js */,
				1778D079175164CC00005B73 /* theme-crimson_editor.js */,
				1778D07A175164CC00005B73 /* theme-dawn.js */,
				1778D07B175164CC00005B73 /* theme-dreamweaver.js */,
				1778D07C175164CC00005B73 /* theme-eclipse.js */,
				1778D07D175164CC00005B73 /* theme-github.js */,
				1778D07E175164CC00005B73 /* theme-idle_fingers.js */,
				1778D07F175164CC00005B73 /* theme-kr.js */,
				1778D080175164CC00005B73 /* theme-merbivore.js */,
				1778D081175164CC00005B73 /* theme-merbivore_soft.js */,
				1778D082175164CC00005B73 /* theme-mono_industrial.js */,
				1778D083175164CC00005B73 /* theme-monokai.js */,
				1778D084175164CC00005B73 /* theme-pastel_on_dark.js */,
				1778D085175164CC00005B73 /* theme-solarized_dark.js */,
				1778D086175164CC00005B73 /* theme-solarized_light.js */,
				1778D087175164CC00005B73 /* theme-terminal.js */,
				1778D088175164CC00005B73 /* theme-textmate.js */,
				1778D089175164CC00005B73 /* theme-tomorrow.js */,
				1778D08A175164CC00005B73 /* theme-tomorrow_night.js */,
				1778D08B175164CC00005B73 /* theme-tomorrow_night_blue.js */,
				1778D08C175164CC00005B73 /* theme-tomorrow_night_bright.js */,
				1778D08D175164CC00005B73 /* theme-tomorrow_night_eighties.js */,
				1778D08E175164CC00005B73 /* theme-twilight.js */,
				1778D08F175164CC00005B73 /* theme-vibrant_ink.js */,
				1778D090175164CC00005B73 /* theme-xcode.js */,
				1778D091175164CC00005B73 /* worker-coffee.js */,
				1778D092175164CC00005B73 /* worker-css.js */,
				1778D093175164CC00005B73 /* worker-javascript.js */,
				1778D094175164CC00005B73 /* worker-json.js */,
				1778D095175164CC00005B73 /* worker-lua.js */,
				1778D096175164CC00005B73 /* worker-php.js */,
				1778D097175164CC00005B73 /* worker-xquery.js */,
			);
			path = src;
			sourceTree = "<group>";
		};
/* End PBXGroup section */

/* Begin PBXNativeTarget section */
		1778C8F917514A0D00005B73 /* PHPTest */ = {
			isa = PBXNativeTarget;
			buildConfigurationList = 1778C91A17514A0E00005B73 /* Build configuration list for PBXNativeTarget "PHPTest" */;
			buildPhases = (
				1778C8F617514A0D00005B73 /* Sources */,
				1778C8F717514A0D00005B73 /* Frameworks */,
				1778C8F817514A0D00005B73 /* Resources */,
			);
			buildRules = (
			);
			dependencies = (
			);
			name = PHPTest;
			productName = PHPTest;
			productReference = 1778C8FA17514A0D00005B73 /* PHPTest.app */;
			productType = "com.apple.product-type.application";
		};
/* End PBXNativeTarget section */

/* Begin PBXProject section */
		1778C8F217514A0D00005B73 /* Project object */ = {
			isa = PBXProject;
			attributes = {
				CLASSPREFIX = OU;
				LastUpgradeCheck = 0460;
				ORGANIZATIONNAME = "Ömer ÜCEL";
			};
			buildConfigurationList = 1778C8F517514A0D00005B73 /* Build configuration list for PBXProject "PHPTest" */;
			compatibilityVersion = "Xcode 3.2";
			developmentRegion = English;
			hasScannedForEncodings = 0;
			knownRegions = (
				en,
			);
			mainGroup = 1778C8F117514A0D00005B73;
			productRefGroup = 1778C8FB17514A0D00005B73 /* Products */;
			projectDirPath = "";
			projectRoot = "";
			targets = (
				1778C8F917514A0D00005B73 /* PHPTest */,
			);
		};
/* End PBXProject section */

/* Begin PBXResourcesBuildPhase section */
		1778C8F817514A0D00005B73 /* Resources */ = {
			isa = PBXResourcesBuildPhase;
			buildActionMask = 2147483647;
			files = (
				1778D126175164EE00005B73 /* ace.js in Resources */,
				1778D127175164EE00005B73 /* ext-elastic_tabstops_lite.js in Resources */,
				1778D128175164EE00005B73 /* ext-emmet.js in Resources */,
				1778D129175164EE00005B73 /* ext-keybinding_menu.js in Resources */,
				1778D12A175164EE00005B73 /* ext-modelist.js in Resources */,
				1778D12B175164EE00005B73 /* ext-options.js in Resources */,
				1778D12C175164EE00005B73 /* ext-searchbox.js in Resources */,
				1778D12D175164EE00005B73 /* ext-settings_menu.js in Resources */,
				1778D12E175164EE00005B73 /* ext-spellcheck.js in Resources */,
				1778D12F175164EE00005B73 /* ext-static_highlight.js in Resources */,
				1778D130175164EE00005B73 /* ext-statusbar.js in Resources */,
				1778D131175164EE00005B73 /* ext-textarea.js in Resources */,
				1778D132175164EE00005B73 /* ext-themelist.js in Resources */,
				1778D133175164EE00005B73 /* ext-whitespace.js in Resources */,
				1778D134175164EE00005B73 /* keybinding-emacs.js in Resources */,
				1778D135175164EE00005B73 /* keybinding-vim.js in Resources */,
				1778D136175164EE00005B73 /* mode-abap.js in Resources */,
				1778D137175164EE00005B73 /* mode-actionscript.js in Resources */,
				1778D138175164EE00005B73 /* mode-asciidoc.js in Resources */,
				1778D139175164EE00005B73 /* mode-autohotkey.js in Resources */,
				1778D13A175164EE00005B73 /* mode-batchfile.js in Resources */,
				1778D13B175164EE00005B73 /* mode-c9search.js in Resources */,
				1778D13C175164EE00005B73 /* mode-c_cpp.js in Resources */,
				1778D13D175164EE00005B73 /* mode-clojure.js in Resources */,
				1778D13E175164EE00005B73 /* mode-coffee.js in Resources */,
				1778D13F175164EE00005B73 /* mode-coldfusion.js in Resources */,
				1778D140175164EE00005B73 /* mode-csharp.js in Resources */,
				1778D141175164EE00005B73 /* mode-css.js in Resources */,
				1778D142175164EE00005B73 /* mode-curly.js in Resources */,
				1778D143175164EE00005B73 /* mode-dart.js in Resources */,
				1778D144175164EE00005B73 /* mode-diff.js in Resources */,
				1778D145175164EE00005B73 /* mode-django.js in Resources */,
				1778D146175164EE00005B73 /* mode-dot.js in Resources */,
				1778D147175164EE00005B73 /* mode-erlang.js in Resources */,
				1778D148175164EE00005B73 /* mode-forth.js in Resources */,
				1778D149175164EE00005B73 /* mode-ftl.js in Resources */,
				1778D14A175164EE00005B73 /* mode-glsl.js in Resources */,
				1778D14B175164EE00005B73 /* mode-golang.js in Resources */,
				1778D14C175164EE00005B73 /* mode-groovy.js in Resources */,
				1778D14D175164EE00005B73 /* mode-haml.js in Resources */,
				1778D14E175164EE00005B73 /* mode-haskell.js in Resources */,
				1778D14F175164EE00005B73 /* mode-haxe.js in Resources */,
				1778D150175164EE00005B73 /* mode-html.js in Resources */,
				1778D151175164EE00005B73 /* mode-html_ruby.js in Resources */,
				1778D152175164EE00005B73 /* mode-ini.js in Resources */,
				1778D153175164EE00005B73 /* mode-jade.js in Resources */,
				1778D154175164EE00005B73 /* mode-java.js in Resources */,
				1778D155175164EE00005B73 /* mode-javascript.js in Resources */,
				1778D156175164EE00005B73 /* mode-json.js in Resources */,
				1778D157175164EE00005B73 /* mode-jsoniq.js in Resources */,
				1778D158175164EE00005B73 /* mode-jsp.js in Resources */,
				1778D159175164EE00005B73 /* mode-jsx.js in Resources */,
				1778D15A175164EE00005B73 /* mode-julia.js in Resources */,
				1778D15B175164EE00005B73 /* mode-latex.js in Resources */,
				1778D15C175164EE00005B73 /* mode-less.js in Resources */,
				1778D15D175164EE00005B73 /* mode-liquid.js in Resources */,
				1778D15E175164EE00005B73 /* mode-lisp.js in Resources */,
				1778D15F175164EE00005B73 /* mode-livescript.js in Resources */,
				1778D160175164EE00005B73 /* mode-logiql.js in Resources */,
				1778D161175164EE00005B73 /* mode-lsl.js in Resources */,
				1778D162175164EE00005B73 /* mode-lua.js in Resources */,
				1778D163175164EE00005B73 /* mode-luapage.js in Resources */,
				1778D164175164EE00005B73 /* mode-lucene.js in Resources */,
				1778D165175164EE00005B73 /* mode-makefile.js in Resources */,
				1778D166175164EE00005B73 /* mode-markdown.js in Resources */,
				1778D167175164EE00005B73 /* mode-mushcode.js in Resources */,
				1778D168175164EE00005B73 /* mode-mushcode_high_rules.js in Resources */,
				1778D169175164EE00005B73 /* mode-objectivec.js in Resources */,
				1778D16A175164EE00005B73 /* mode-ocaml.js in Resources */,
				1778D16B175164EE00005B73 /* mode-pascal.js in Resources */,
				1778D16C175164EE00005B73 /* mode-perl.js in Resources */,
				1778D16D175164EE00005B73 /* mode-pgsql.js in Resources */,
				1778D16E175164EE00005B73 /* mode-php.js in Resources */,
				1778D16F175164EE00005B73 /* mode-powershell.js in Resources */,
				1778D170175164EE00005B73 /* mode-prolog.js in Resources */,
				1778D171175164EE00005B73 /* mode-properties.js in Resources */,
				1778D172175164EE00005B73 /* mode-python.js in Resources */,
				1778D173175164EE00005B73 /* mode-r.js in Resources */,
				1778D174175164EE00005B73 /* mode-rdoc.js in Resources */,
				1778D175175164EE00005B73 /* mode-rhtml.js in Resources */,
				1778D176175164EE00005B73 /* mode-ruby.js in Resources */,
				1778D177175164EE00005B73 /* mode-rust.js in Resources */,
				1778D178175164EE00005B73 /* mode-sass.js in Resources */,
				1778D179175164EE00005B73 /* mode-scad.js in Resources */,
				1778D17A175164EE00005B73 /* mode-scala.js in Resources */,
				1778D17B175164EE00005B73 /* mode-scheme.js in Resources */,
				1778D17C175164EE00005B73 /* mode-scss.js in Resources */,
				1778D17D175164EE00005B73 /* mode-sh.js in Resources */,
				1778D17E175164EE00005B73 /* mode-snippets.js in Resources */,
				1778D17F175164EE00005B73 /* mode-sql.js in Resources */,
				1778D180175164EE00005B73 /* mode-stylus.js in Resources */,
				1778D181175164EE00005B73 /* mode-svg.js in Resources */,
				1778D182175164EE00005B73 /* mode-tcl.js in Resources */,
				1778D183175164EE00005B73 /* mode-tex.js in Resources */,
				1778D184175164EE00005B73 /* mode-text.js in Resources */,
				1778D185175164EE00005B73 /* mode-textile.js in Resources */,
				1778D186175164EE00005B73 /* mode-tmsnippet.js in Resources */,
				1778D187175164EE00005B73 /* mode-toml.js in Resources */,
				1778D188175164EE00005B73 /* mode-typescript.js in Resources */,
				1778D189175164EE00005B73 /* mode-vbscript.js in Resources */,
				1778D18A175164EE00005B73 /* mode-velocity.js in Resources */,
				1778D18B175164EE00005B73 /* mode-xml.js in Resources */,
				1778D18C175164EE00005B73 /* mode-xquery.js in Resources */,
				1778D18D175164EE00005B73 /* mode-yaml.js in Resources */,
				1778D18E175164EE00005B73 /* theme-ambiance.js in Resources */,
				1778D18F175164EE00005B73 /* theme-chaos.js in Resources */,
				1778D190175164EE00005B73 /* theme-chrome.js in Resources */,
				1778D191175164EE00005B73 /* theme-clouds.js in Resources */,
				1778D192175164EE00005B73 /* theme-clouds_midnight.js in Resources */,
				1778D193175164EE00005B73 /* theme-cobalt.js in Resources */,
				1778D194175164EE00005B73 /* theme-crimson_editor.js in Resources */,
				1778D195175164EE00005B73 /* theme-dawn.js in Resources */,
				1778D196175164EE00005B73 /* theme-dreamweaver.js in Resources */,
				1778D197175164EE00005B73 /* theme-eclipse.js in Resources */,
				1778D198175164EE00005B73 /* theme-github.js in Resources */,
				1778D199175164EE00005B73 /* theme-idle_fingers.js in Resources */,
				1778D19A175164EE00005B73 /* theme-kr.js in Resources */,
				1778D19B175164EE00005B73 /* theme-merbivore.js in Resources */,
				1778D19C175164EE00005B73 /* theme-merbivore_soft.js in Resources */,
				1778D19D175164EE00005B73 /* theme-mono_industrial.js in Resources */,
				1778D19E175164EE00005B73 /* theme-monokai.js in Resources */,
				1778D19F175164EE00005B73 /* theme-pastel_on_dark.js in Resources */,
				1778D1A0175164EE00005B73 /* theme-solarized_dark.js in Resources */,
				1778D1A1175164EE00005B73 /* theme-solarized_light.js in Resources */,
				1778D1A2175164EE00005B73 /* theme-terminal.js in Resources */,
				1778D1A3175164EE00005B73 /* theme-textmate.js in Resources */,
				1778D1A4175164EE00005B73 /* theme-tomorrow.js in Resources */,
				1778D1A5175164EE00005B73 /* theme-tomorrow_night.js in Resources */,
				1778D1A6175164EE00005B73 /* theme-tomorrow_night_blue.js in Resources */,
				1778D1A7175164EE00005B73 /* theme-tomorrow_night_bright.js in Resources */,
				1778D1A8175164EE00005B73 /* theme-tomorrow_night_eighties.js in Resources */,
				1778D1A9175164EE00005B73 /* theme-twilight.js in Resources */,
				1778D1AA175164EE00005B73 /* theme-vibrant_ink.js in Resources */,
				1778D1AB175164EE00005B73 /* theme-xcode.js in Resources */,
				1778D1AC175164EE00005B73 /* worker-coffee.js in Resources */,
				1778D1AD175164EE00005B73 /* worker-css.js in Resources */,
				1778D1AE175164EE00005B73 /* worker-javascript.js in Resources */,
				1778D1AF175164EE00005B73 /* worker-json.js in Resources */,
				1778D1B0175164EE00005B73 /* worker-lua.js in Resources */,
				1778D1B1175164EE00005B73 /* worker-php.js in Resources */,
				1778D1B2175164EE00005B73 /* worker-xquery.js in Resources */,
				1778C90817514A0D00005B73 /* InfoPlist.strings in Resources */,
				1778C90E17514A0D00005B73 /* Credits.rtf in Resources */,
				1778C91417514A0E00005B73 /* MainMenu.xib in Resources */,
				1778D098175164CC00005B73 /* index.html in Resources */,
				1778D1B7175177A500005B73 /* run.png in Resources */,
				1778D1BB1751833100005B73 /* settings.png in Resources */,
			);
			runOnlyForDeploymentPostprocessing = 0;
		};
/* End PBXResourcesBuildPhase section */

/* Begin PBXSourcesBuildPhase section */
		1778C8F617514A0D00005B73 /* Sources */ = {
			isa = PBXSourcesBuildPhase;
			buildActionMask = 2147483647;
			files = (
				1778C90A17514A0D00005B73 /* main.m in Sources */,
				1778C91117514A0D00005B73 /* OUAppDelegate.m in Sources */,
				1778C91717514A0E00005B73 /* PHPTest.xcdatamodeld in Sources */,
				1778C924175150C200005B73 /* OUCommander.m in Sources */,
				1778D1B517516E9600005B73 /* OUCommanderResponse.m in Sources */,
			);
			runOnlyForDeploymentPostprocessing = 0;
		};
/* End PBXSourcesBuildPhase section */

/* Begin PBXVariantGroup section */
		1778C90617514A0D00005B73 /* InfoPlist.strings */ = {
			isa = PBXVariantGroup;
			children = (
				1778C90717514A0D00005B73 /* en */,
			);
			name = InfoPlist.strings;
			sourceTree = "<group>";
		};
		1778C90C17514A0D00005B73 /* Credits.rtf */ = {
			isa = PBXVariantGroup;
			children = (
				1778C90D17514A0D00005B73 /* en */,
			);
			name = Credits.rtf;
			sourceTree = "<group>";
		};
		1778C91217514A0E00005B73 /* MainMenu.xib */ = {
			isa = PBXVariantGroup;
			children = (
				1778C91317514A0E00005B73 /* en */,
			);
			name = MainMenu.xib;
			sourceTree = "<group>";
		};
/* End PBXVariantGroup section */

/* Begin XCBuildConfiguration section */
		1778C91817514A0E00005B73 /* Debug */ = {
			isa = XCBuildConfiguration;
			buildSettings = {
				ALWAYS_SEARCH_USER_PATHS = NO;
				ARCHS = "$(ARCHS_STANDARD_64_BIT)";
				CLANG_CXX_LANGUAGE_STANDARD = "gnu++0x";
				CLANG_CXX_LIBRARY = "libc++";
				CLANG_ENABLE_OBJC_ARC = YES;
				CLANG_WARN_CONSTANT_CONVERSION = YES;
				CLANG_WARN_EMPTY_BODY = YES;
				CLANG_WARN_ENUM_CONVERSION = YES;
				CLANG_WARN_INT_CONVERSION = YES;
				CLANG_WARN__DUPLICATE_METHOD_MATCH = YES;
				COPY_PHASE_STRIP = NO;
				GCC_C_LANGUAGE_STANDARD = gnu99;
				GCC_DYNAMIC_NO_PIC = NO;
				GCC_ENABLE_OBJC_EXCEPTIONS = YES;
				GCC_OPTIMIZATION_LEVEL = 0;
				GCC_PREPROCESSOR_DEFINITIONS = (
					"DEBUG=1",
					"$(inherited)",
				);
				GCC_SYMBOLS_PRIVATE_EXTERN = NO;
				GCC_WARN_64_TO_32_BIT_CONVERSION = YES;
				GCC_WARN_ABOUT_RETURN_TYPE = YES;
				GCC_WARN_UNINITIALIZED_AUTOS = YES;
				GCC_WARN_UNUSED_VARIABLE = YES;
				MACOSX_DEPLOYMENT_TARGET = 10.8;
				ONLY_ACTIVE_ARCH = YES;
				SDKROOT = macosx;
			};
			name = Debug;
		};
		1778C91917514A0E00005B73 /* Release */ = {
			isa = XCBuildConfiguration;
			buildSettings = {
				ALWAYS_SEARCH_USER_PATHS = NO;
				ARCHS = "$(ARCHS_STANDARD_64_BIT)";
				CLANG_CXX_LANGUAGE_STANDARD = "gnu++0x";
				CLANG_CXX_LIBRARY = "libc++";
				CLANG_ENABLE_OBJC_ARC = YES;
				CLANG_WARN_CONSTANT_CONVERSION = YES;
				CLANG_WARN_EMPTY_BODY = YES;
				CLANG_WARN_ENUM_CONVERSION = YES;
				CLANG_WARN_INT_CONVERSION = YES;
				CLANG_WARN__DUPLICATE_METHOD_MATCH = YES;
				COPY_PHASE_STRIP = YES;
				DEBUG_INFORMATION_FORMAT = "dwarf-with-dsym";
				GCC_C_LANGUAGE_STANDARD = gnu99;
				GCC_ENABLE_OBJC_EXCEPTIONS = YES;
				GCC_WARN_64_TO_32_BIT_CONVERSION = YES;
				GCC_WARN_ABOUT_RETURN_TYPE = YES;
				GCC_WARN_UNINITIALIZED_AUTOS = YES;
				GCC_WARN_UNUSED_VARIABLE = YES;
				MACOSX_DEPLOYMENT_TARGET = 10.8;
				SDKROOT = macosx;
			};
			name = Release;
		};
		1778C91B17514A0E00005B73 /* Debug */ = {
			isa = XCBuildConfiguration;
			buildSettings = {
				COMBINE_HIDPI_IMAGES = YES;
				GCC_PRECOMPILE_PREFIX_HEADER = YES;
				GCC_PREFIX_HEADER = "PHPTest/PHPTest-Prefix.pch";
				INFOPLIST_FILE = "PHPTest/PHPTest-Info.plist";
				PRODUCT_NAME = "$(TARGET_NAME)";
				WRAPPER_EXTENSION = app;
			};
			name = Debug;
		};
		1778C91C17514A0E00005B73 /* Release */ = {
			isa = XCBuildConfiguration;
			buildSettings = {
				COMBINE_HIDPI_IMAGES = YES;
				GCC_PRECOMPILE_PREFIX_HEADER = YES;
				GCC_PREFIX_HEADER = "PHPTest/PHPTest-Prefix.pch";
				INFOPLIST_FILE = "PHPTest/PHPTest-Info.plist";
				PRODUCT_NAME = "$(TARGET_NAME)";
				WRAPPER_EXTENSION = app;
			};
			name = Release;
		};
/* End XCBuildConfiguration section */

/* Begin XCConfigurationList section */
		1778C8F517514A0D00005B73 /* Build configuration list for PBXProject "PHPTest" */ = {
			isa = XCConfigurationList;
			buildConfigurations = (
				1778C91817514A0E00005B73 /* Debug */,
				1778C91917514A0E00005B73 /* Release */,
			);
			defaultConfigurationIsVisible = 0;
			defaultConfigurationName = Release;
		};
		1778C91A17514A0E00005B73 /* Build configuration list for PBXNativeTarget "PHPTest" */ = {
			isa = XCConfigurationList;
			buildConfigurations = (
				1778C91B17514A0E00005B73 /* Debug */,
				1778C91C17514A0E00005B73 /* Release */,
			);
			defaultConfigurationIsVisible = 0;
			defaultConfigurationName = Release;
		};
/* End XCConfigurationList section */

/* Begin XCVersionGroup section */
		1778C91517514A0E00005B73 /* PHPTest.xcdatamodeld */ = {
			isa = XCVersionGroup;
			children = (
				1778C91617514A0E00005B73 /* PHPTest.xcdatamodel */,
			);
			currentVersion = 1778C91617514A0E00005B73 /* PHPTest.xcdatamodel */;
			path = PHPTest.xcdatamodeld;
			sourceTree = "<group>";
			versionGroupType = wrapper.xcdatamodel;
		};
/* End XCVersionGroup section */
	};
	rootObject = 1778C8F217514A0D00005B73 /* Project object */;
}
